{
  "name": "aco-woo-dynamic-pricing-free",
  "lockfileVersion": 3,
  "requires": true,
  "packages": {
    "": {
      "dependencies": {
        "ollama": "^0.6.3"
      }
    },
    "node_modules/ollama": {
      "version": "0.6.3",
      "license": "MIT",
      "dependencies": {
        "whatwg-fetch": "^3.6.20"
      }
    },
    "node_modules/whatwg-fetch": {
      "version": "3.6.20",
      "license": "MIT"
    }
  }
}
